# This file is autogenerated, do not edit; changes may be undone by the next 'dep ensure'.


[[projects]]
  branch = "master"
  name = "github.com/Azure/go-ansiterm"
  packages = [".","winterm"]
  revision = "19f72df4d05d31cbe1c56bfc8045c96babff6c7e"

[[projects]]
  name = "github.com/Microsoft/go-winio"
  packages = ["."]
  revision = "7ff89941bcb93df2e962467fb073c6e997b13cf0"
  version = "v0.4.4"

[[projects]]
  name = "github.com/Sirupsen/logrus"
  packages = ["."]
  revision = "a3f95b5c423586578a4e099b11a46c2479628cac"
  version = "1.0.2"

[[projects]]
  name = "github.com/docker/docker"
  packages = ["api/types","api/types/blkiodev","api/types/container","api/types/filters","api/types/mount","api/types/network","api/types/registry","api/types/strslice","api/types/swarm","api/types/versions","opts","pkg/archive","pkg/fileutils","pkg/homedir","pkg/idtools","pkg/ioutils","pkg/jsonlog","pkg/jsonmessage","pkg/longpath","pkg/pools","pkg/promise","pkg/stdcopy","pkg/system","pkg/term","pkg/term/windows"]
  revision = "092cba3727bb9b4a2f0e922cd6c0f93ea270e363"
  version = "v1.13.1"

[[projects]]
  name = "github.com/docker/go-connections"
  packages = ["nat"]
  revision = "990a1a1a70b0da4c4cb70e117971a4f0babfbf1a"
  version = "v0.2.1"

[[projects]]
  name = "github.com/docker/go-units"
  packages = ["."]
  revision = "f2d77a61e3c169b43402a0a1e84f06daf29b8190"
  version = "v0.3.1"

[[projects]]
  branch = "master"
  name = "github.com/fsouza/go-dockerclient"
  packages = ["."]
  revision = "8462902e31da1644862169cd142c126223ecb38e"

[[projects]]
  branch = "master"
  name = "github.com/hashicorp/go-cleanhttp"
  packages = ["."]
  revision = "3573b8b52aa7b37b9358d966a898feb387f62437"

[[projects]]
  name = "github.com/opencontainers/runc"
  packages = ["libcontainer/system","libcontainer/user"]
  revision = "baf6536d6259209c3edfa2b22237af82942d3dfa"
  version = "v0.1.1"

[[projects]]
  name = "github.com/pkg/errors"
  packages = ["."]
  revision = "645ef00459ed84a119197bfb8d8205042c6df63d"
  version = "v0.8.0"

[[projects]]
  name = "github.com/sirupsen/logrus"
  packages = ["."]
  revision = "a3f95b5c423586578a4e099b11a46c2479628cac"
  version = "1.0.2"

[[projects]]
  branch = "master"
  name = "golang.org/x/net"
  packages = ["context","context/ctxhttp"]
  revision = "f5079bd7f6f74e23c4d65efa0f4ce14cbd6a3c0f"

[[projects]]
  branch = "master"
  name = "golang.org/x/sys"
  packages = ["unix","windows"]
  revision = "02a66801d979d706a4b445e24e03916eeaa2a404"

[solve-meta]
  analyzer-name = "dep"
  analyzer-version = 1
  inputs-digest = "fc42c7098dfb16f11eb2bf04adcb6abb8e0e2b18045d9a4f848cab48db63c76b"
  solver-name = "gps-cdcl"
  solver-version = 1
